
Microsoft Visual Studio Solution File, Format Version 12.00
# TcXaeShell Solution File, Format Version 11.00
VisualStudioVersion = 15.0.34829.251
MinimumVisualStudioVersion = 10.0.40219.1
Project("{B1E792BE-AA5F-4E3C-8C82-674BF9C0715B}") = "ENCODERTESTER", "ENCODERTESTER\ENCODERTESTER.tsproj", "{00D6AC99-528B-42CC-8EF4-149731699774}"
EndProject
Global
	GlobalSection(SolutionConfigurationPlatforms) = preSolution
		Debug|TwinCAT CE7 (ARMV7) = Debug|TwinCAT CE7 (ARMV7)
		Debug|TwinCAT OS (ARMT2) = Debug|TwinCAT OS (ARMT2)
		Debug|TwinCAT RT (x64) = Debug|TwinCAT RT (x64)
		Debug|TwinCAT RT (x86) = Debug|TwinCAT RT (x86)
		Release|TwinCAT CE7 (ARMV7) = Release|TwinCAT CE7 (ARMV7)
		Release|TwinCAT OS (ARMT2) = Release|TwinCAT OS (ARMT2)
		Release|TwinCAT RT (x64) = Release|TwinCAT RT (x64)
		Release|TwinCAT RT (x86) = Release|TwinCAT RT (x86)
	EndGlobalSection
	GlobalSection(ProjectConfigurationPlatforms) = postSolution
		{00D6AC99-528B-42CC-8EF4-149731699774}.Debug|TwinCAT CE7 (ARMV7).ActiveCfg = Debug|TwinCAT CE7 (ARMV7)
		{00D6AC99-528B-42CC-8EF4-149731699774}.Debug|TwinCAT CE7 (ARMV7).Build.0 = Debug|TwinCAT CE7 (ARMV7)
		{00D6AC99-528B-42CC-8EF4-149731699774}.Debug|TwinCAT OS (ARMT2).ActiveCfg = Debug|TwinCAT OS (ARMT2)
		{00D6AC99-528B-42CC-8EF4-149731699774}.Debug|TwinCAT OS (ARMT2).Build.0 = Debug|TwinCAT OS (ARMT2)
		{00D6AC99-528B-42CC-8EF4-149731699774}.Debug|TwinCAT RT (x64).ActiveCfg = Debug|TwinCAT RT (x64)
		{00D6AC99-528B-42CC-8EF4-149731699774}.Debug|TwinCAT RT (x64).Build.0 = Debug|TwinCAT RT (x64)
		{00D6AC99-528B-42CC-8EF4-149731699774}.Debug|TwinCAT RT (x86).ActiveCfg = Debug|TwinCAT RT (x86)
		{00D6AC99-528B-42CC-8EF4-149731699774}.Debug|TwinCAT RT (x86).Build.0 = Debug|TwinCAT RT (x86)
		{00D6AC99-528B-42CC-8EF4-149731699774}.Release|TwinCAT CE7 (ARMV7).ActiveCfg = Release|TwinCAT CE7 (ARMV7)
		{00D6AC99-528B-42CC-8EF4-149731699774}.Release|TwinCAT CE7 (ARMV7).Build.0 = Release|TwinCAT CE7 (ARMV7)
		{00D6AC99-528B-42CC-8EF4-149731699774}.Release|TwinCAT OS (ARMT2).ActiveCfg = Release|TwinCAT OS (ARMT2)
		{00D6AC99-528B-42CC-8EF4-149731699774}.Release|TwinCAT OS (ARMT2).Build.0 = Release|TwinCAT OS (ARMT2)
		{00D6AC99-528B-42CC-8EF4-149731699774}.Release|TwinCAT RT (x64).ActiveCfg = Release|TwinCAT RT (x64)
		{00D6AC99-528B-42CC-8EF4-149731699774}.Release|TwinCAT RT (x64).Build.0 = Release|TwinCAT RT (x64)
		{00D6AC99-528B-42CC-8EF4-149731699774}.Release|TwinCAT RT (x86).ActiveCfg = Release|TwinCAT RT (x86)
		{00D6AC99-528B-42CC-8EF4-149731699774}.Release|TwinCAT RT (x86).Build.0 = Release|TwinCAT RT (x86)
		{AD980782-53CD-45E8-91B1-41297F74B7AD}.Debug|TwinCAT CE7 (ARMV7).ActiveCfg = Debug|TwinCAT CE7 (ARMV7)
		{AD980782-53CD-45E8-91B1-41297F74B7AD}.Debug|TwinCAT CE7 (ARMV7).Build.0 = Debug|TwinCAT CE7 (ARMV7)
		{AD980782-53CD-45E8-91B1-41297F74B7AD}.Debug|TwinCAT OS (ARMT2).ActiveCfg = Debug|TwinCAT OS (ARMT2)
		{AD980782-53CD-45E8-91B1-41297F74B7AD}.Debug|TwinCAT OS (ARMT2).Build.0 = Debug|TwinCAT OS (ARMT2)
		{AD980782-53CD-45E8-91B1-41297F74B7AD}.Debug|TwinCAT RT (x64).ActiveCfg = Debug|TwinCAT RT (x64)
		{AD980782-53CD-45E8-91B1-41297F74B7AD}.Debug|TwinCAT RT (x64).Build.0 = Debug|TwinCAT RT (x64)
		{AD980782-53CD-45E8-91B1-41297F74B7AD}.Debug|TwinCAT RT (x86).ActiveCfg = Debug|TwinCAT RT (x86)
		{AD980782-53CD-45E8-91B1-41297F74B7AD}.Debug|TwinCAT RT (x86).Build.0 = Debug|TwinCAT RT (x86)
		{AD980782-53CD-45E8-91B1-41297F74B7AD}.Release|TwinCAT CE7 (ARMV7).ActiveCfg = Release|TwinCAT CE7 (ARMV7)
		{AD980782-53CD-45E8-91B1-41297F74B7AD}.Release|TwinCAT CE7 (ARMV7).Build.0 = Release|TwinCAT CE7 (ARMV7)
		{AD980782-53CD-45E8-91B1-41297F74B7AD}.Release|TwinCAT OS (ARMT2).ActiveCfg = Release|TwinCAT OS (ARMT2)
		{AD980782-53CD-45E8-91B1-41297F74B7AD}.Release|TwinCAT OS (ARMT2).Build.0 = Release|TwinCAT OS (ARMT2)
		{AD980782-53CD-45E8-91B1-41297F74B7AD}.Release|TwinCAT RT (x64).ActiveCfg = Release|TwinCAT RT (x64)
		{AD980782-53CD-45E8-91B1-41297F74B7AD}.Release|TwinCAT RT (x64).Build.0 = Release|TwinCAT RT (x64)
		{AD980782-53CD-45E8-91B1-41297F74B7AD}.Release|TwinCAT RT (x86).ActiveCfg = Release|TwinCAT RT (x86)
		{AD980782-53CD-45E8-91B1-41297F74B7AD}.Release|TwinCAT RT (x86).Build.0 = Release|TwinCAT RT (x86)
	EndGlobalSection
	GlobalSection(SolutionProperties) = preSolution
		HideSolutionNode = FALSE
	EndGlobalSection
	GlobalSection(ExtensibilityGlobals) = postSolution
		SolutionGuid = {F3F9EE23-4498-4645-9C3D-C1C9D6994F3B}
	EndGlobalSection
EndGlobal
